
Microsoft Visual Studio Solution File, Format Version 12.00
# Visual Studio Version 17
VisualStudioVersion = 17.9.34701.34
MinimumVisualStudioVersion = 10.0.40219.1
Project("{FAE04EC0-301F-11D3-BF4B-00C04F79EFBC}") = "namasdev.Data.MySql", "namasdev.Data.MySql\namasdev.Data.MySql.csproj", "{ED6EBC85-0C0C-4877-99D4-91526FD48E02}"
EndProject
Project("{FAE04EC0-301F-11D3-BF4B-00C04F79EFBC}") = "namasdev.Data.MySql.UnitTests", "namasdev.Data.MySql.UnitTests\namasdev.Data.MySql.UnitTests.csproj", "{5443A2C8-DE30-469B-84FA-1E20DFB5E890}"
EndProject
Global
	GlobalSection(SolutionConfigurationPlatforms) = preSolution
		Debug|Any CPU = Debug|Any CPU
		Release|Any CPU = Release|Any CPU
	EndGlobalSection
	GlobalSection(ProjectConfigurationPlatforms) = postSolution
		{ED6EBC85-0C0C-4877-99D4-91526FD48E02}.Debug|Any CPU.ActiveCfg = Debug|Any CPU
		{ED6EBC85-0C0C-4877-99D4-91526FD48E02}.Debug|Any CPU.Build.0 = Debug|Any CPU
		{ED6EBC85-0C0C-4877-99D4-91526FD48E02}.Release|Any CPU.ActiveCfg = Release|Any CPU
		{ED6EBC85-0C0C-4877-99D4-91526FD48E02}.Release|Any CPU.Build.0 = Release|Any CPU
		{5443A2C8-DE30-469B-84FA-1E20DFB5E890}.Debug|Any CPU.ActiveCfg = Debug|Any CPU
		{5443A2C8-DE30-469B-84FA-1E20DFB5E890}.Debug|Any CPU.Build.0 = Debug|Any CPU
		{5443A2C8-DE30-469B-84FA-1E20DFB5E890}.Release|Any CPU.ActiveCfg = Release|Any CPU
		{5443A2C8-DE30-469B-84FA-1E20DFB5E890}.Release|Any CPU.Build.0 = Release|Any CPU
	EndGlobalSection
	GlobalSection(SolutionProperties) = preSolution
		HideSolutionNode = FALSE
	EndGlobalSection
	GlobalSection(ExtensibilityGlobals) = postSolution
		SolutionGuid = {EDD69F5F-AEDC-4ECB-95C5-83A5CA087B34}
	EndGlobalSection
EndGlobal
